<?xml version="1.0" encoding="utf-8"?>
<Project ToolsVersion="4.0" xmlns="http://schemas.microsoft.com/developer/msbuild/2003">
  <ItemGroup>
    <Filter Include="Source Files">
      <UniqueIdentifier>{4FC737F1-C7A5-4376-A066-2A32D752A2FF}</UniqueIdentifier>
      <Extensions>cpp;c;cc;cxx;c++;cppm;ixx;def;odl;idl;hpj;bat;asm;asmx</Extensions>
    </Filter>
    <Filter Include="Header Files">
      <UniqueIdentifier>{93995380-89BD-4b04-88EB-625FBE52EBFB}</UniqueIdentifier>
      <Extensions>h;hh;hpp;hxx;h++;hm;inl;inc;ipp;xsd</Extensions>
    </Filter>
    <Filter Include="Resource Files">
      <UniqueIdentifier>{67DA6AB6-F800-4c08-8B7A-83BB121AAD01}</UniqueIdentifier>
      <Extensions>rc;ico;cur;bmp;dlg;rc2;rct;bin;rgs;gif;jpg;jpeg;jpe;resx;tiff;tif;png;wav;mfcribbon-ms</Extensions>
    </Filter>
  </ItemGroup>
  <ItemGroup>
    <ClCompile Include="src\Main.cpp">
      <Filter>Source Files</Filter>
    </ClCompile>
    <ClCompile Include="src\Memory.cpp">
      <Filter>Source Files</Filter>
    </ClCompile>
    <ClCompile Include="src\R3000A.cpp">
      <Filter>Source Files</Filter>
    </ClCompile>
    <ClCompile Include="src\Instruction.cpp">
      <Filter>Source Files</Filter>
    </ClCompile>
    <ClCompile Include="src\Gpu.cpp">
      <Filter>Source Files</Filter>
    </ClCompile>
    <ClCompile Include="src\DMAController.cpp">
      <Filter>Source Files</Filter>
    </ClCompile>
    <ClCompile Include="src\IRQController.cpp">
      <Filter>Source Files</Filter>
    </ClCompile>
    <ClCompile Include="src\Application.cpp">
      <Filter>Source Files</Filter>
    </ClCompile>
    <ClCompile Include="src\VulkanTypes\Buffer.cpp">
      <Filter>Source Files</Filter>
    </ClCompile>
    <ClCompile Include="src\VulkanTypes\DebugMessenger.cpp">
      <Filter>Source Files</Filter>
    </ClCompile>
    <ClCompile Include="src\VulkanTypes\Device.cpp">
      <Filter>Source Files</Filter>
    </ClCompile>
    <ClCompile Include="src\VulkanTypes\Fence.cpp">
      <Filter>Source Files</Filter>
    </ClCompile>
    <ClCompile Include="src\VulkanTypes\IndexBuffer.cpp">
      <Filter>Source Files</Filter>
    </ClCompile>
    <ClCompile Include="src\VulkanTypes\Instance.cpp">
      <Filter>Source Files</Filter>
    </ClCompile>
    <ClCompile Include="src\VulkanTypes\PhysicalDevice.cpp">
      <Filter>Source Files</Filter>
    </ClCompile>
    <ClCompile Include="src\VulkanTypes\Queue.cpp">
      <Filter>Source Files</Filter>
    </ClCompile>
    <ClCompile Include="src\VulkanTypes\QueueFamilyIndices.cpp">
      <Filter>Source Files</Filter>
    </ClCompile>
    <ClCompile Include="src\VulkanTypes\Semaphore.cpp">
      <Filter>Source Files</Filter>
    </ClCompile>
    <ClCompile Include="src\VulkanTypes\Surface.cpp">
      <Filter>Source Files</Filter>
    </ClCompile>
    <ClCompile Include="src\VulkanTypes\SwapChain.cpp">
      <Filter>Source Files</Filter>
    </ClCompile>
    <ClCompile Include="src\VulkanTypes\SwapChainSupportDetails.cpp">
      <Filter>Source Files</Filter>
    </ClCompile>
    <ClCompile Include="src\Vertex.cpp">
      <Filter>Source Files</Filter>
    </ClCompile>
  </ItemGroup>
  <ItemGroup>
    <ClInclude Include="src\Types.hpp">
      <Filter>Header Files</Filter>
    </ClInclude>
    <ClInclude Include="src\Memory.hpp">
      <Filter>Header Files</Filter>
    </ClInclude>
    <ClInclude Include="src\R3000A.hpp">
      <Filter>Header Files</Filter>
    </ClInclude>
    <ClInclude Include="src\Instruction.hpp">
      <Filter>Header Files</Filter>
    </ClInclude>
    <ClInclude Include="src\Constants.hpp">
      <Filter>Header Files</Filter>
    </ClInclude>
    <ClInclude Include="src\Gpu.hpp">
      <Filter>Header Files</Filter>
    </ClInclude>
    <ClInclude Include="src\DMAController.hpp">
      <Filter>Header Files</Filter>
    </ClInclude>
    <ClInclude Include="src\IRQController.hpp">
      <Filter>Header Files</Filter>
    </ClInclude>
    <ClInclude Include="src\Application.hpp">
      <Filter>Header Files</Filter>
    </ClInclude>
    <ClInclude Include="src\VulkanTypes\Buffer.hpp">
      <Filter>Header Files</Filter>
    </ClInclude>
    <ClInclude Include="src\VulkanTypes\DebugMessenger.hpp">
      <Filter>Header Files</Filter>
    </ClInclude>
    <ClInclude Include="src\VulkanTypes\Device.hpp">
      <Filter>Header Files</Filter>
    </ClInclude>
    <ClInclude Include="src\VulkanTypes\DeviceExtensions.hpp">
      <Filter>Header Files</Filter>
    </ClInclude>
    <ClInclude Include="src\VulkanTypes\Fence.hpp">
      <Filter>Header Files</Filter>
    </ClInclude>
    <ClInclude Include="src\VulkanTypes\IndexBuffer.hpp">
      <Filter>Header Files</Filter>
    </ClInclude>
    <ClInclude Include="src\VulkanTypes\Instance.hpp">
      <Filter>Header Files</Filter>
    </ClInclude>
    <ClInclude Include="src\VulkanTypes\PhysicalDevice.hpp">
      <Filter>Header Files</Filter>
    </ClInclude>
    <ClInclude Include="src\VulkanTypes\PlatformDebug.hpp">
      <Filter>Header Files</Filter>
    </ClInclude>
    <ClInclude Include="src\VulkanTypes\Queue.hpp">
      <Filter>Header Files</Filter>
    </ClInclude>
    <ClInclude Include="src\VulkanTypes\QueueFamilyIndices.hpp">
      <Filter>Header Files</Filter>
    </ClInclude>
    <ClInclude Include="src\VulkanTypes\Semaphore.hpp">
      <Filter>Header Files</Filter>
    </ClInclude>
    <ClInclude Include="src\VulkanTypes\Surface.hpp">
      <Filter>Header Files</Filter>
    </ClInclude>
    <ClInclude Include="src\VulkanTypes\SwapChain.hpp">
      <Filter>Header Files</Filter>
    </ClInclude>
    <ClInclude Include="src\VulkanTypes\SwapChainSupportDetails.hpp">
      <Filter>Header Files</Filter>
    </ClInclude>
    <ClInclude Include="src\VulkanTypes\ValidationLayers.hpp">
      <Filter>Header Files</Filter>
    </ClInclude>
    <ClInclude Include="src\Vertex.hpp">
      <Filter>Header Files</Filter>
    </ClInclude>
  </ItemGroup>
</Project>