// !$*UTF8*$!
{
	archiveVersion = 1;
	classes = {
	};
	objectVersion = 56;
	objects = {

/* Begin PBXBuildFile section */
		A894DA0F2B06A462006FD329 /* Maths.cpp in Sources */ = {isa = PBXBuildFile; fileRef = A894DA0D2B06A462006FD329 /* Maths.cpp */; };
		A8E806562B026CC500131233 /* Memory.cpp in Sources */ = {isa = PBXBuildFile; fileRef = A8E806502B026CC500131233 /* Memory.cpp */; };
		A8E806572B026CC500131233 /* Parser.cpp in Sources */ = {isa = PBXBuildFile; fileRef = A8E806542B026CC500131233 /* Parser.cpp */; };
		A8E806582B026CC500131233 /* Main.cpp in Sources */ = {isa = PBXBuildFile; fileRef = A8E806552B026CC500131233 /* Main.cpp */; };
		A8E8065B2B0279AE00131233 /* ComponentManager.cpp in Sources */ = {isa = PBXBuildFile; fileRef = A8E806592B0279AE00131233 /* ComponentManager.cpp */; };
		A8E8065E2B027B5400131233 /* Component.cpp in Sources */ = {isa = PBXBuildFile; fileRef = A8E8065C2B027B5400131233 /* Component.cpp */; };
		A8E806612B027E0600131233 /* R3000A.cpp in Sources */ = {isa = PBXBuildFile; fileRef = A8E8065F2B027E0600131233 /* R3000A.cpp */; };
/* End PBXBuildFile section */

/* Begin PBXCopyFilesBuildPhase section */
		A8E806432B026C8200131233 /* CopyFiles */ = {
			isa = PBXCopyFilesBuildPhase;
			buildActionMask = 2147483647;
			dstPath = /usr/share/man/man1/;
			dstSubfolderSpec = 0;
			files = (
			);
			runOnlyForDeploymentPostprocessing = 1;
		};
/* End PBXCopyFilesBuildPhase section */

/* Begin PBXFileReference section */
		A894DA0D2B06A462006FD329 /* Maths.cpp */ = {isa = PBXFileReference; lastKnownFileType = sourcecode.cpp.cpp; path = Maths.cpp; sourceTree = "<group>"; };
		A894DA0E2B06A462006FD329 /* Maths.hpp */ = {isa = PBXFileReference; lastKnownFileType = sourcecode.cpp.h; path = Maths.hpp; sourceTree = "<group>"; };
		A8E806452B026C8200131233 /* MipsParser */ = {isa = PBXFileReference; explicitFileType = "compiled.mach-o.executable"; includeInIndex = 0; path = MipsParser; sourceTree = BUILT_PRODUCTS_DIR; };
		A8E806502B026CC500131233 /* Memory.cpp */ = {isa = PBXFileReference; fileEncoding = 4; lastKnownFileType = sourcecode.cpp.cpp; path = Memory.cpp; sourceTree = "<group>"; };
		A8E806512B026CC500131233 /* Parser.hpp */ = {isa = PBXFileReference; fileEncoding = 4; lastKnownFileType = sourcecode.cpp.h; path = Parser.hpp; sourceTree = "<group>"; };
		A8E806522B026CC500131233 /* Memory.hpp */ = {isa = PBXFileReference; fileEncoding = 4; lastKnownFileType = sourcecode.cpp.h; path = Memory.hpp; sourceTree = "<group>"; };
		A8E806532B026CC500131233 /* Types.hpp */ = {isa = PBXFileReference; fileEncoding = 4; lastKnownFileType = sourcecode.cpp.h; path = Types.hpp; sourceTree = "<group>"; };
		A8E806542B026CC500131233 /* Parser.cpp */ = {isa = PBXFileReference; fileEncoding = 4; lastKnownFileType = sourcecode.cpp.cpp; path = Parser.cpp; sourceTree = "<group>"; };
		A8E806552B026CC500131233 /* Main.cpp */ = {isa = PBXFileReference; fileEncoding = 4; lastKnownFileType = sourcecode.cpp.cpp; path = Main.cpp; sourceTree = "<group>"; };
		A8E806592B0279AE00131233 /* ComponentManager.cpp */ = {isa = PBXFileReference; lastKnownFileType = sourcecode.cpp.cpp; path = ComponentManager.cpp; sourceTree = "<group>"; };
		A8E8065A2B0279AE00131233 /* ComponentManager.hpp */ = {isa = PBXFileReference; lastKnownFileType = sourcecode.cpp.h; path = ComponentManager.hpp; sourceTree = "<group>"; };
		A8E8065C2B027B5400131233 /* Component.cpp */ = {isa = PBXFileReference; lastKnownFileType = sourcecode.cpp.cpp; path = Component.cpp; sourceTree = "<group>"; };
		A8E8065D2B027B5400131233 /* Component.hpp */ = {isa = PBXFileReference; lastKnownFileType = sourcecode.cpp.h; path = Component.hpp; sourceTree = "<group>"; };
		A8E8065F2B027E0600131233 /* R3000A.cpp */ = {isa = PBXFileReference; lastKnownFileType = sourcecode.cpp.cpp; path = R3000A.cpp; sourceTree = "<group>"; };
		A8E806602B027E0600131233 /* R3000A.hpp */ = {isa = PBXFileReference; lastKnownFileType = sourcecode.cpp.h; path = R3000A.hpp; sourceTree = "<group>"; };
/* End PBXFileReference section */

/* Begin PBXFrameworksBuildPhase section */
		A8E806422B026C8200131233 /* Frameworks */ = {
			isa = PBXFrameworksBuildPhase;
			buildActionMask = 2147483647;
			files = (
			);
			runOnlyForDeploymentPostprocessing = 0;
		};
/* End PBXFrameworksBuildPhase section */

/* Begin PBXGroup section */
		A8E8063C2B026C8200131233 = {
			isa = PBXGroup;
			children = (
				A8E8064F2B026CC500131233 /* src */,
				A8E806462B026C8200131233 /* Products */,
			);
			sourceTree = "<group>";
		};
		A8E806462B026C8200131233 /* Products */ = {
			isa = PBXGroup;
			children = (
				A8E806452B026C8200131233 /* MipsParser */,
			);
			name = Products;
			sourceTree = "<group>";
		};
		A8E8064F2B026CC500131233 /* src */ = {
			isa = PBXGroup;
			children = (
				A8E8065F2B027E0600131233 /* R3000A.cpp */,
				A8E806602B027E0600131233 /* R3000A.hpp */,
				A8E806502B026CC500131233 /* Memory.cpp */,
				A8E806512B026CC500131233 /* Parser.hpp */,
				A8E806522B026CC500131233 /* Memory.hpp */,
				A8E806592B0279AE00131233 /* ComponentManager.cpp */,
				A8E8065A2B0279AE00131233 /* ComponentManager.hpp */,
				A8E806532B026CC500131233 /* Types.hpp */,
				A8E806542B026CC500131233 /* Parser.cpp */,
				A8E806552B026CC500131233 /* Main.cpp */,
				A8E8065C2B027B5400131233 /* Component.cpp */,
				A8E8065D2B027B5400131233 /* Component.hpp */,
				A894DA0D2B06A462006FD329 /* Maths.cpp */,
				A894DA0E2B06A462006FD329 /* Maths.hpp */,
			);
			path = src;
			sourceTree = "<group>";
		};
/* End PBXGroup section */

/* Begin PBXNativeTarget section */
		A8E806442B026C8200131233 /* MipsParser */ = {
			isa = PBXNativeTarget;
			buildConfigurationList = A8E8064C2B026C8200131233 /* Build configuration list for PBXNativeTarget "MipsParser" */;
			buildPhases = (
				A8E806412B026C8200131233 /* Sources */,
				A8E806422B026C8200131233 /* Frameworks */,
				A8E806432B026C8200131233 /* CopyFiles */,
			);
			buildRules = (
			);
			dependencies = (
			);
			name = MipsParser;
			productName = MipsParser;
			productReference = A8E806452B026C8200131233 /* MipsParser */;
			productType = "com.apple.product-type.tool";
		};
/* End PBXNativeTarget section */

/* Begin PBXProject section */
		A8E8063D2B026C8200131233 /* Project object */ = {
			isa = PBXProject;
			attributes = {
				BuildIndependentTargetsInParallel = 1;
				LastUpgradeCheck = 1500;
				TargetAttributes = {
					A8E806442B026C8200131233 = {
						CreatedOnToolsVersion = 15.0.1;
					};
				};
			};
			buildConfigurationList = A8E806402B026C8200131233 /* Build configuration list for PBXProject "MipsParser" */;
			compatibilityVersion = "Xcode 14.0";
			developmentRegion = en;
			hasScannedForEncodings = 0;
			knownRegions = (
				en,
				Base,
			);
			mainGroup = A8E8063C2B026C8200131233;
			productRefGroup = A8E806462B026C8200131233 /* Products */;
			projectDirPath = "";
			projectRoot = "";
			targets = (
				A8E806442B026C8200131233 /* MipsParser */,
			);
		};
/* End PBXProject section */

/* Begin PBXSourcesBuildPhase section */
		A8E806412B026C8200131233 /* Sources */ = {
			isa = PBXSourcesBuildPhase;
			buildActionMask = 2147483647;
			files = (
				A8E806582B026CC500131233 /* Main.cpp in Sources */,
				A8E806572B026CC500131233 /* Parser.cpp in Sources */,
				A8E806562B026CC500131233 /* Memory.cpp in Sources */,
				A8E806612B027E0600131233 /* R3000A.cpp in Sources */,
				A8E8065B2B0279AE00131233 /* ComponentManager.cpp in Sources */,
				A894DA0F2B06A462006FD329 /* Maths.cpp in Sources */,
				A8E8065E2B027B5400131233 /* Component.cpp in Sources */,
			);
			runOnlyForDeploymentPostprocessing = 0;
		};
/* End PBXSourcesBuildPhase section */

/* Begin XCBuildConfiguration section */
		A8E8064A2B026C8200131233 /* Debug */ = {
			isa = XCBuildConfiguration;
			buildSettings = {
				ALWAYS_SEARCH_USER_PATHS = NO;
				ASSETCATALOG_COMPILER_GENERATE_SWIFT_ASSET_SYMBOL_EXTENSIONS = YES;
				CLANG_ANALYZER_NONNULL = YES;
				CLANG_ANALYZER_NUMBER_OBJECT_CONVERSION = YES_AGGRESSIVE;
				CLANG_CXX_LANGUAGE_STANDARD = "gnu++20";
				CLANG_ENABLE_MODULES = YES;
				CLANG_ENABLE_OBJC_ARC = YES;
				CLANG_ENABLE_OBJC_WEAK = YES;
				CLANG_WARN_BLOCK_CAPTURE_AUTORELEASING = YES;
				CLANG_WARN_BOOL_CONVERSION = YES;
				CLANG_WARN_COMMA = YES;
				CLANG_WARN_CONSTANT_CONVERSION = YES;
				CLANG_WARN_DEPRECATED_OBJC_IMPLEMENTATIONS = YES;
				CLANG_WARN_DIRECT_OBJC_ISA_USAGE = YES_ERROR;
				CLANG_WARN_DOCUMENTATION_COMMENTS = YES;
				CLANG_WARN_EMPTY_BODY = YES;
				CLANG_WARN_ENUM_CONVERSION = YES;
				CLANG_WARN_INFINITE_RECURSION = YES;
				CLANG_WARN_INT_CONVERSION = YES;
				CLANG_WARN_NON_LITERAL_NULL_CONVERSION = YES;
				CLANG_WARN_OBJC_IMPLICIT_RETAIN_SELF = YES;
				CLANG_WARN_OBJC_LITERAL_CONVERSION = YES;
				CLANG_WARN_OBJC_ROOT_CLASS = YES_ERROR;
				CLANG_WARN_QUOTED_INCLUDE_IN_FRAMEWORK_HEADER = YES;
				CLANG_WARN_RANGE_LOOP_ANALYSIS = YES;
				CLANG_WARN_STRICT_PROTOTYPES = YES;
				CLANG_WARN_SUSPICIOUS_MOVE = YES;
				CLANG_WARN_UNGUARDED_AVAILABILITY = YES_AGGRESSIVE;
				CLANG_WARN_UNREACHABLE_CODE = YES;
				CLANG_WARN__DUPLICATE_METHOD_MATCH = YES;
				COPY_PHASE_STRIP = NO;
				DEBUG_INFORMATION_FORMAT = dwarf;
				ENABLE_STRICT_OBJC_MSGSEND = YES;
				ENABLE_TESTABILITY = YES;
				ENABLE_USER_SCRIPT_SANDBOXING = YES;
				GCC_C_LANGUAGE_STANDARD = gnu17;
				GCC_DYNAMIC_NO_PIC = NO;
				GCC_NO_COMMON_BLOCKS = YES;
				GCC_OPTIMIZATION_LEVEL = 0;
				GCC_PREPROCESSOR_DEFINITIONS = (
					"DEBUG=1",
					"$(inherited)",
				);
				GCC_WARN_64_TO_32_BIT_CONVERSION = YES;
				GCC_WARN_ABOUT_RETURN_TYPE = YES_ERROR;
				GCC_WARN_UNDECLARED_SELECTOR = YES;
				GCC_WARN_UNINITIALIZED_AUTOS = YES_AGGRESSIVE;
				GCC_WARN_UNUSED_FUNCTION = YES;
				GCC_WARN_UNUSED_VARIABLE = YES;
				LOCALIZATION_PREFERS_STRING_CATALOGS = YES;
				MACOSX_DEPLOYMENT_TARGET = 13.6;
				MTL_ENABLE_DEBUG_INFO = INCLUDE_SOURCE;
				MTL_FAST_MATH = YES;
				ONLY_ACTIVE_ARCH = YES;
				SDKROOT = macosx;
			};
			name = Debug;
		};
		A8E8064B2B026C8200131233 /* Release */ = {
			isa = XCBuildConfiguration;
			buildSettings = {
				ALWAYS_SEARCH_USER_PATHS = NO;
				ASSETCATALOG_COMPILER_GENERATE_SWIFT_ASSET_SYMBOL_EXTENSIONS = YES;
				CLANG_ANALYZER_NONNULL = YES;
				CLANG_ANALYZER_NUMBER_OBJECT_CONVERSION = YES_AGGRESSIVE;
				CLANG_CXX_LANGUAGE_STANDARD = "gnu++20";
				CLANG_ENABLE_MODULES = YES;
				CLANG_ENABLE_OBJC_ARC = YES;
				CLANG_ENABLE_OBJC_WEAK = YES;
				CLANG_WARN_BLOCK_CAPTURE_AUTORELEASING = YES;
				CLANG_WARN_BOOL_CONVERSION = YES;
				CLANG_WARN_COMMA = YES;
				CLANG_WARN_CONSTANT_CONVERSION = YES;
				CLANG_WARN_DEPRECATED_OBJC_IMPLEMENTATIONS = YES;
				CLANG_WARN_DIRECT_OBJC_ISA_USAGE = YES_ERROR;
				CLANG_WARN_DOCUMENTATION_COMMENTS = YES;
				CLANG_WARN_EMPTY_BODY = YES;
				CLANG_WARN_ENUM_CONVERSION = YES;
				CLANG_WARN_INFINITE_RECURSION = YES;
				CLANG_WARN_INT_CONVERSION = YES;
				CLANG_WARN_NON_LITERAL_NULL_CONVERSION = YES;
				CLANG_WARN_OBJC_IMPLICIT_RETAIN_SELF = YES;
				CLANG_WARN_OBJC_LITERAL_CONVERSION = YES;
				CLANG_WARN_OBJC_ROOT_CLASS = YES_ERROR;
				CLANG_WARN_QUOTED_INCLUDE_IN_FRAMEWORK_HEADER = YES;
				CLANG_WARN_RANGE_LOOP_ANALYSIS = YES;
				CLANG_WARN_STRICT_PROTOTYPES = YES;
				CLANG_WARN_SUSPICIOUS_MOVE = YES;
				CLANG_WARN_UNGUARDED_AVAILABILITY = YES_AGGRESSIVE;
				CLANG_WARN_UNREACHABLE_CODE = YES;
				CLANG_WARN__DUPLICATE_METHOD_MATCH = YES;
				COPY_PHASE_STRIP = NO;
				DEBUG_INFORMATION_FORMAT = "dwarf-with-dsym";
				ENABLE_NS_ASSERTIONS = NO;
				ENABLE_STRICT_OBJC_MSGSEND = YES;
				ENABLE_USER_SCRIPT_SANDBOXING = YES;
				GCC_C_LANGUAGE_STANDARD = gnu17;
				GCC_NO_COMMON_BLOCKS = YES;
				GCC_WARN_64_TO_32_BIT_CONVERSION = YES;
				GCC_WARN_ABOUT_RETURN_TYPE = YES_ERROR;
				GCC_WARN_UNDECLARED_SELECTOR = YES;
				GCC_WARN_UNINITIALIZED_AUTOS = YES_AGGRESSIVE;
				GCC_WARN_UNUSED_FUNCTION = YES;
				GCC_WARN_UNUSED_VARIABLE = YES;
				LOCALIZATION_PREFERS_STRING_CATALOGS = YES;
				MACOSX_DEPLOYMENT_TARGET = 13.6;
				MTL_ENABLE_DEBUG_INFO = NO;
				MTL_FAST_MATH = YES;
				SDKROOT = macosx;
			};
			name = Release;
		};
		A8E8064D2B026C8200131233 /* Debug */ = {
			isa = XCBuildConfiguration;
			buildSettings = {
				CODE_SIGN_STYLE = Automatic;
				PRODUCT_NAME = "$(TARGET_NAME)";
			};
			name = Debug;
		};
		A8E8064E2B026C8200131233 /* Release */ = {
			isa = XCBuildConfiguration;
			buildSettings = {
				CODE_SIGN_STYLE = Automatic;
				PRODUCT_NAME = "$(TARGET_NAME)";
			};
			name = Release;
		};
/* End XCBuildConfiguration section */

/* Begin XCConfigurationList section */
		A8E806402B026C8200131233 /* Build configuration list for PBXProject "MipsParser" */ = {
			isa = XCConfigurationList;
			buildConfigurations = (
				A8E8064A2B026C8200131233 /* Debug */,
				A8E8064B2B026C8200131233 /* Release */,
			);
			defaultConfigurationIsVisible = 0;
			defaultConfigurationName = Release;
		};
		A8E8064C2B026C8200131233 /* Build configuration list for PBXNativeTarget "MipsParser" */ = {
			isa = XCConfigurationList;
			buildConfigurations = (
				A8E8064D2B026C8200131233 /* Debug */,
				A8E8064E2B026C8200131233 /* Release */,
			);
			defaultConfigurationIsVisible = 0;
			defaultConfigurationName = Release;
		};
/* End XCConfigurationList section */
	};
	rootObject = A8E8063D2B026C8200131233 /* Project object */;
}
