// !$*UTF8*$!
{
	archiveVersion = 1;
	classes = {
	};
	objectVersion = 56;
	objects = {

/* Begin PBXBuildFile section */
		A8444B982C0D4EEE00F531E8 /* Vertex.cpp in Sources */ = {isa = PBXBuildFile; fileRef = A8444B8F2C0D4EED00F531E8 /* Vertex.cpp */; };
		A8444B992C0D4EEE00F531E8 /* IRQController.cpp in Sources */ = {isa = PBXBuildFile; fileRef = A8444B902C0D4EED00F531E8 /* IRQController.cpp */; };
		A8444B9A2C0D4EEE00F531E8 /* Application.cpp in Sources */ = {isa = PBXBuildFile; fileRef = A8444B912C0D4EED00F531E8 /* Application.cpp */; };
		A8444B9B2C0D4EEE00F531E8 /* Gpu.cpp in Sources */ = {isa = PBXBuildFile; fileRef = A8444B932C0D4EEE00F531E8 /* Gpu.cpp */; };
		A8444B9C2C0D4EEE00F531E8 /* DMAController.cpp in Sources */ = {isa = PBXBuildFile; fileRef = A8444B962C0D4EEE00F531E8 /* DMAController.cpp */; };
		A8444B9F2C0D573600F531E8 /* libglfw.3.3.dylib in Frameworks */ = {isa = PBXBuildFile; fileRef = A8444B9E2C0D573600F531E8 /* libglfw.3.3.dylib */; };
		A8444BA12C0D574800F531E8 /* libvulkan.1.dylib in Frameworks */ = {isa = PBXBuildFile; fileRef = A8444BA02C0D574700F531E8 /* libvulkan.1.dylib */; };
		A8444BA32C0D575E00F531E8 /* libvulkan.1.3.250.dylib in Frameworks */ = {isa = PBXBuildFile; fileRef = A8444BA22C0D575E00F531E8 /* libvulkan.1.3.250.dylib */; };
		A8444BA42C0D57C500F531E8 /* libvulkan.1.3.250.dylib in CopyFiles */ = {isa = PBXBuildFile; fileRef = A8444BA22C0D575E00F531E8 /* libvulkan.1.3.250.dylib */; settings = {ATTRIBUTES = (CodeSignOnCopy, ); }; };
		A8444BA52C0D57C500F531E8 /* libvulkan.1.dylib in CopyFiles */ = {isa = PBXBuildFile; fileRef = A8444BA02C0D574700F531E8 /* libvulkan.1.dylib */; settings = {ATTRIBUTES = (CodeSignOnCopy, ); }; };
		A8444BA62C0D57C500F531E8 /* libglfw.3.3.dylib in CopyFiles */ = {isa = PBXBuildFile; fileRef = A8444B9E2C0D573600F531E8 /* libglfw.3.3.dylib */; settings = {ATTRIBUTES = (CodeSignOnCopy, ); }; };
		A8444BC42C0D585000F531E8 /* SwapChainSupportDetails.cpp in Sources */ = {isa = PBXBuildFile; fileRef = A8444BA82C0D584F00F531E8 /* SwapChainSupportDetails.cpp */; };
		A8444BC52C0D585000F531E8 /* Surface.cpp in Sources */ = {isa = PBXBuildFile; fileRef = A8444BA92C0D584F00F531E8 /* Surface.cpp */; };
		A8444BC62C0D585000F531E8 /* IndexBuffer.cpp in Sources */ = {isa = PBXBuildFile; fileRef = A8444BAB2C0D584F00F531E8 /* IndexBuffer.cpp */; };
		A8444BC72C0D585000F531E8 /* Buffer.cpp in Sources */ = {isa = PBXBuildFile; fileRef = A8444BAD2C0D584F00F531E8 /* Buffer.cpp */; };
		A8444BC82C0D585100F531E8 /* Device.cpp in Sources */ = {isa = PBXBuildFile; fileRef = A8444BB02C0D584F00F531E8 /* Device.cpp */; };
		A8444BC92C0D585100F531E8 /* SwapChain.cpp in Sources */ = {isa = PBXBuildFile; fileRef = A8444BB22C0D584F00F531E8 /* SwapChain.cpp */; };
		A8444BCA2C0D585100F531E8 /* Queue.cpp in Sources */ = {isa = PBXBuildFile; fileRef = A8444BB32C0D585000F531E8 /* Queue.cpp */; };
		A8444BCB2C0D585100F531E8 /* DebugMessenger.cpp in Sources */ = {isa = PBXBuildFile; fileRef = A8444BB52C0D585000F531E8 /* DebugMessenger.cpp */; };
		A8444BCC2C0D585100F531E8 /* QueueFamilyIndices.cpp in Sources */ = {isa = PBXBuildFile; fileRef = A8444BBC2C0D585000F531E8 /* QueueFamilyIndices.cpp */; };
		A8444BCD2C0D585100F531E8 /* PhysicalDevice.cpp in Sources */ = {isa = PBXBuildFile; fileRef = A8444BBD2C0D585000F531E8 /* PhysicalDevice.cpp */; };
		A8444BCE2C0D585100F531E8 /* Fence.cpp in Sources */ = {isa = PBXBuildFile; fileRef = A8444BC12C0D585000F531E8 /* Fence.cpp */; };
		A8444BCF2C0D585100F531E8 /* Instance.cpp in Sources */ = {isa = PBXBuildFile; fileRef = A8444BC22C0D585000F531E8 /* Instance.cpp */; };
		A8444BD02C0D585100F531E8 /* Semaphore.cpp in Sources */ = {isa = PBXBuildFile; fileRef = A8444BC32C0D585000F531E8 /* Semaphore.cpp */; };
		A8464FC22B2A02D6007137EB /* Instruction.cpp in Sources */ = {isa = PBXBuildFile; fileRef = A8464FC02B2A02D5007137EB /* Instruction.cpp */; };
		A8E806562B026CC500131233 /* Memory.cpp in Sources */ = {isa = PBXBuildFile; fileRef = A8E806502B026CC500131233 /* Memory.cpp */; };
		A8E806582B026CC500131233 /* Main.cpp in Sources */ = {isa = PBXBuildFile; fileRef = A8E806552B026CC500131233 /* Main.cpp */; };
		A8E806612B027E0600131233 /* R3000A.cpp in Sources */ = {isa = PBXBuildFile; fileRef = A8E8065F2B027E0600131233 /* R3000A.cpp */; };
/* End PBXBuildFile section */

/* Begin PBXCopyFilesBuildPhase section */
		A8E806432B026C8200131233 /* CopyFiles */ = {
			isa = PBXCopyFilesBuildPhase;
			buildActionMask = 12;
			dstPath = "";
			dstSubfolderSpec = 10;
			files = (
				A8444BA42C0D57C500F531E8 /* libvulkan.1.3.250.dylib in CopyFiles */,
				A8444BA52C0D57C500F531E8 /* libvulkan.1.dylib in CopyFiles */,
				A8444BA62C0D57C500F531E8 /* libglfw.3.3.dylib in CopyFiles */,
			);
			runOnlyForDeploymentPostprocessing = 0;
		};
/* End PBXCopyFilesBuildPhase section */

/* Begin PBXFileReference section */
		A8444B8D2C0D4EED00F531E8 /* Vertex.hpp */ = {isa = PBXFileReference; fileEncoding = 4; lastKnownFileType = sourcecode.cpp.h; path = Vertex.hpp; sourceTree = "<group>"; };
		A8444B8E2C0D4EED00F531E8 /* Application.hpp */ = {isa = PBXFileReference; fileEncoding = 4; lastKnownFileType = sourcecode.cpp.h; path = Application.hpp; sourceTree = "<group>"; };
		A8444B8F2C0D4EED00F531E8 /* Vertex.cpp */ = {isa = PBXFileReference; fileEncoding = 4; lastKnownFileType = sourcecode.cpp.cpp; path = Vertex.cpp; sourceTree = "<group>"; };
		A8444B902C0D4EED00F531E8 /* IRQController.cpp */ = {isa = PBXFileReference; fileEncoding = 4; lastKnownFileType = sourcecode.cpp.cpp; path = IRQController.cpp; sourceTree = "<group>"; };
		A8444B912C0D4EED00F531E8 /* Application.cpp */ = {isa = PBXFileReference; fileEncoding = 4; lastKnownFileType = sourcecode.cpp.cpp; path = Application.cpp; sourceTree = "<group>"; };
		A8444B922C0D4EEE00F531E8 /* DMAController.hpp */ = {isa = PBXFileReference; fileEncoding = 4; lastKnownFileType = sourcecode.cpp.h; path = DMAController.hpp; sourceTree = "<group>"; };
		A8444B932C0D4EEE00F531E8 /* Gpu.cpp */ = {isa = PBXFileReference; fileEncoding = 4; lastKnownFileType = sourcecode.cpp.cpp; path = Gpu.cpp; sourceTree = "<group>"; };
		A8444B942C0D4EEE00F531E8 /* Gpu.hpp */ = {isa = PBXFileReference; fileEncoding = 4; lastKnownFileType = sourcecode.cpp.h; path = Gpu.hpp; sourceTree = "<group>"; };
		A8444B962C0D4EEE00F531E8 /* DMAController.cpp */ = {isa = PBXFileReference; fileEncoding = 4; lastKnownFileType = sourcecode.cpp.cpp; path = DMAController.cpp; sourceTree = "<group>"; };
		A8444B972C0D4EEE00F531E8 /* IRQController.hpp */ = {isa = PBXFileReference; fileEncoding = 4; lastKnownFileType = sourcecode.cpp.h; path = IRQController.hpp; sourceTree = "<group>"; };
		A8444B9E2C0D573600F531E8 /* libglfw.3.3.dylib */ = {isa = PBXFileReference; lastKnownFileType = "compiled.mach-o.dylib"; name = libglfw.3.3.dylib; path = ../../../../../../../../usr/local/lib/libglfw.3.3.dylib; sourceTree = "<group>"; };
		A8444BA02C0D574700F531E8 /* libvulkan.1.dylib */ = {isa = PBXFileReference; lastKnownFileType = "compiled.mach-o.dylib"; name = libvulkan.1.dylib; path = ../../../../../../VulkanSDK/1.3.250.1/macOS/lib/libvulkan.1.dylib; sourceTree = "<group>"; };
		A8444BA22C0D575E00F531E8 /* libvulkan.1.3.250.dylib */ = {isa = PBXFileReference; lastKnownFileType = "compiled.mach-o.dylib"; name = libvulkan.1.3.250.dylib; path = ../../../../../../VulkanSDK/1.3.250.1/macOS/lib/libvulkan.1.3.250.dylib; sourceTree = "<group>"; };
		A8444BA72C0D584F00F531E8 /* PhysicalDevice.hpp */ = {isa = PBXFileReference; fileEncoding = 4; lastKnownFileType = sourcecode.cpp.h; name = PhysicalDevice.hpp; path = VulkanTypes/PhysicalDevice.hpp; sourceTree = "<group>"; };
		A8444BA82C0D584F00F531E8 /* SwapChainSupportDetails.cpp */ = {isa = PBXFileReference; fileEncoding = 4; lastKnownFileType = sourcecode.cpp.cpp; name = SwapChainSupportDetails.cpp; path = VulkanTypes/SwapChainSupportDetails.cpp; sourceTree = "<group>"; };
		A8444BA92C0D584F00F531E8 /* Surface.cpp */ = {isa = PBXFileReference; fileEncoding = 4; lastKnownFileType = sourcecode.cpp.cpp; name = Surface.cpp; path = VulkanTypes/Surface.cpp; sourceTree = "<group>"; };
		A8444BAA2C0D584F00F531E8 /* Buffer.hpp */ = {isa = PBXFileReference; fileEncoding = 4; lastKnownFileType = sourcecode.cpp.h; name = Buffer.hpp; path = VulkanTypes/Buffer.hpp; sourceTree = "<group>"; };
		A8444BAB2C0D584F00F531E8 /* IndexBuffer.cpp */ = {isa = PBXFileReference; fileEncoding = 4; lastKnownFileType = sourcecode.cpp.cpp; name = IndexBuffer.cpp; path = VulkanTypes/IndexBuffer.cpp; sourceTree = "<group>"; };
		A8444BAC2C0D584F00F531E8 /* Fence.hpp */ = {isa = PBXFileReference; fileEncoding = 4; lastKnownFileType = sourcecode.cpp.h; name = Fence.hpp; path = VulkanTypes/Fence.hpp; sourceTree = "<group>"; };
		A8444BAD2C0D584F00F531E8 /* Buffer.cpp */ = {isa = PBXFileReference; fileEncoding = 4; lastKnownFileType = sourcecode.cpp.cpp; name = Buffer.cpp; path = VulkanTypes/Buffer.cpp; sourceTree = "<group>"; };
		A8444BAE2C0D584F00F531E8 /* IndexBuffer.hpp */ = {isa = PBXFileReference; fileEncoding = 4; lastKnownFileType = sourcecode.cpp.h; name = IndexBuffer.hpp; path = VulkanTypes/IndexBuffer.hpp; sourceTree = "<group>"; };
		A8444BAF2C0D584F00F531E8 /* QueueFamilyIndices.hpp */ = {isa = PBXFileReference; fileEncoding = 4; lastKnownFileType = sourcecode.cpp.h; name = QueueFamilyIndices.hpp; path = VulkanTypes/QueueFamilyIndices.hpp; sourceTree = "<group>"; };
		A8444BB02C0D584F00F531E8 /* Device.cpp */ = {isa = PBXFileReference; fileEncoding = 4; lastKnownFileType = sourcecode.cpp.cpp; name = Device.cpp; path = VulkanTypes/Device.cpp; sourceTree = "<group>"; };
		A8444BB12C0D584F00F531E8 /* PlatformDebug.hpp */ = {isa = PBXFileReference; fileEncoding = 4; lastKnownFileType = sourcecode.cpp.h; name = PlatformDebug.hpp; path = VulkanTypes/PlatformDebug.hpp; sourceTree = "<group>"; };
		A8444BB22C0D584F00F531E8 /* SwapChain.cpp */ = {isa = PBXFileReference; fileEncoding = 4; lastKnownFileType = sourcecode.cpp.cpp; name = SwapChain.cpp; path = VulkanTypes/SwapChain.cpp; sourceTree = "<group>"; };
		A8444BB32C0D585000F531E8 /* Queue.cpp */ = {isa = PBXFileReference; fileEncoding = 4; lastKnownFileType = sourcecode.cpp.cpp; name = Queue.cpp; path = VulkanTypes/Queue.cpp; sourceTree = "<group>"; };
		A8444BB42C0D585000F531E8 /* DebugMessenger.hpp */ = {isa = PBXFileReference; fileEncoding = 4; lastKnownFileType = sourcecode.cpp.h; name = DebugMessenger.hpp; path = VulkanTypes/DebugMessenger.hpp; sourceTree = "<group>"; };
		A8444BB52C0D585000F531E8 /* DebugMessenger.cpp */ = {isa = PBXFileReference; fileEncoding = 4; lastKnownFileType = sourcecode.cpp.cpp; name = DebugMessenger.cpp; path = VulkanTypes/DebugMessenger.cpp; sourceTree = "<group>"; };
		A8444BB62C0D585000F531E8 /* Semaphore.hpp */ = {isa = PBXFileReference; fileEncoding = 4; lastKnownFileType = sourcecode.cpp.h; name = Semaphore.hpp; path = VulkanTypes/Semaphore.hpp; sourceTree = "<group>"; };
		A8444BB72C0D585000F531E8 /* Queue.hpp */ = {isa = PBXFileReference; fileEncoding = 4; lastKnownFileType = sourcecode.cpp.h; name = Queue.hpp; path = VulkanTypes/Queue.hpp; sourceTree = "<group>"; };
		A8444BB82C0D585000F531E8 /* SwapChainSupportDetails.hpp */ = {isa = PBXFileReference; fileEncoding = 4; lastKnownFileType = sourcecode.cpp.h; name = SwapChainSupportDetails.hpp; path = VulkanTypes/SwapChainSupportDetails.hpp; sourceTree = "<group>"; };
		A8444BB92C0D585000F531E8 /* Surface.hpp */ = {isa = PBXFileReference; fileEncoding = 4; lastKnownFileType = sourcecode.cpp.h; name = Surface.hpp; path = VulkanTypes/Surface.hpp; sourceTree = "<group>"; };
		A8444BBA2C0D585000F531E8 /* Instance.hpp */ = {isa = PBXFileReference; fileEncoding = 4; lastKnownFileType = sourcecode.cpp.h; name = Instance.hpp; path = VulkanTypes/Instance.hpp; sourceTree = "<group>"; };
		A8444BBB2C0D585000F531E8 /* DeviceExtensions.hpp */ = {isa = PBXFileReference; fileEncoding = 4; lastKnownFileType = sourcecode.cpp.h; name = DeviceExtensions.hpp; path = VulkanTypes/DeviceExtensions.hpp; sourceTree = "<group>"; };
		A8444BBC2C0D585000F531E8 /* QueueFamilyIndices.cpp */ = {isa = PBXFileReference; fileEncoding = 4; lastKnownFileType = sourcecode.cpp.cpp; name = QueueFamilyIndices.cpp; path = VulkanTypes/QueueFamilyIndices.cpp; sourceTree = "<group>"; };
		A8444BBD2C0D585000F531E8 /* PhysicalDevice.cpp */ = {isa = PBXFileReference; fileEncoding = 4; lastKnownFileType = sourcecode.cpp.cpp; name = PhysicalDevice.cpp; path = VulkanTypes/PhysicalDevice.cpp; sourceTree = "<group>"; };
		A8444BBE2C0D585000F531E8 /* Device.hpp */ = {isa = PBXFileReference; fileEncoding = 4; lastKnownFileType = sourcecode.cpp.h; name = Device.hpp; path = VulkanTypes/Device.hpp; sourceTree = "<group>"; };
		A8444BBF2C0D585000F531E8 /* SwapChain.hpp */ = {isa = PBXFileReference; fileEncoding = 4; lastKnownFileType = sourcecode.cpp.h; name = SwapChain.hpp; path = VulkanTypes/SwapChain.hpp; sourceTree = "<group>"; };
		A8444BC02C0D585000F531E8 /* ValidationLayers.hpp */ = {isa = PBXFileReference; fileEncoding = 4; lastKnownFileType = sourcecode.cpp.h; name = ValidationLayers.hpp; path = VulkanTypes/ValidationLayers.hpp; sourceTree = "<group>"; };
		A8444BC12C0D585000F531E8 /* Fence.cpp */ = {isa = PBXFileReference; fileEncoding = 4; lastKnownFileType = sourcecode.cpp.cpp; name = Fence.cpp; path = VulkanTypes/Fence.cpp; sourceTree = "<group>"; };
		A8444BC22C0D585000F531E8 /* Instance.cpp */ = {isa = PBXFileReference; fileEncoding = 4; lastKnownFileType = sourcecode.cpp.cpp; name = Instance.cpp; path = VulkanTypes/Instance.cpp; sourceTree = "<group>"; };
		A8444BC32C0D585000F531E8 /* Semaphore.cpp */ = {isa = PBXFileReference; fileEncoding = 4; lastKnownFileType = sourcecode.cpp.cpp; name = Semaphore.cpp; path = VulkanTypes/Semaphore.cpp; sourceTree = "<group>"; };
		A8464FBF2B2A02D5007137EB /* Instruction.hpp */ = {isa = PBXFileReference; fileEncoding = 4; lastKnownFileType = sourcecode.cpp.h; path = Instruction.hpp; sourceTree = "<group>"; };
		A8464FC02B2A02D5007137EB /* Instruction.cpp */ = {isa = PBXFileReference; fileEncoding = 4; lastKnownFileType = sourcecode.cpp.cpp; path = Instruction.cpp; sourceTree = "<group>"; };
		A8464FC12B2A02D5007137EB /* Constants.hpp */ = {isa = PBXFileReference; fileEncoding = 4; lastKnownFileType = sourcecode.cpp.h; path = Constants.hpp; sourceTree = "<group>"; };
		A8E806452B026C8200131233 /* MipsParser */ = {isa = PBXFileReference; explicitFileType = "compiled.mach-o.executable"; includeInIndex = 0; path = MipsParser; sourceTree = BUILT_PRODUCTS_DIR; };
		A8E806502B026CC500131233 /* Memory.cpp */ = {isa = PBXFileReference; fileEncoding = 4; lastKnownFileType = sourcecode.cpp.cpp; path = Memory.cpp; sourceTree = "<group>"; };
		A8E806522B026CC500131233 /* Memory.hpp */ = {isa = PBXFileReference; fileEncoding = 4; lastKnownFileType = sourcecode.cpp.h; path = Memory.hpp; sourceTree = "<group>"; };
		A8E806532B026CC500131233 /* Types.hpp */ = {isa = PBXFileReference; fileEncoding = 4; lastKnownFileType = sourcecode.cpp.h; path = Types.hpp; sourceTree = "<group>"; };
		A8E806552B026CC500131233 /* Main.cpp */ = {isa = PBXFileReference; fileEncoding = 4; lastKnownFileType = sourcecode.cpp.cpp; path = Main.cpp; sourceTree = "<group>"; };
		A8E8065F2B027E0600131233 /* R3000A.cpp */ = {isa = PBXFileReference; lastKnownFileType = sourcecode.cpp.cpp; path = R3000A.cpp; sourceTree = "<group>"; };
		A8E806602B027E0600131233 /* R3000A.hpp */ = {isa = PBXFileReference; lastKnownFileType = sourcecode.cpp.h; path = R3000A.hpp; sourceTree = "<group>"; };
/* End PBXFileReference section */

/* Begin PBXFrameworksBuildPhase section */
		A8E806422B026C8200131233 /* Frameworks */ = {
			isa = PBXFrameworksBuildPhase;
			buildActionMask = 2147483647;
			files = (
				A8444BA32C0D575E00F531E8 /* libvulkan.1.3.250.dylib in Frameworks */,
				A8444B9F2C0D573600F531E8 /* libglfw.3.3.dylib in Frameworks */,
				A8444BA12C0D574800F531E8 /* libvulkan.1.dylib in Frameworks */,
			);
			runOnlyForDeploymentPostprocessing = 0;
		};
/* End PBXFrameworksBuildPhase section */

/* Begin PBXGroup section */
		A8444B9D2C0D573600F531E8 /* Frameworks */ = {
			isa = PBXGroup;
			children = (
				A8444BA22C0D575E00F531E8 /* libvulkan.1.3.250.dylib */,
				A8444BA02C0D574700F531E8 /* libvulkan.1.dylib */,
				A8444B9E2C0D573600F531E8 /* libglfw.3.3.dylib */,
			);
			name = Frameworks;
			sourceTree = "<group>";
		};
		A8E8063C2B026C8200131233 = {
			isa = PBXGroup;
			children = (
				A8E8064F2B026CC500131233 /* src */,
				A8E806462B026C8200131233 /* Products */,
				A8444B9D2C0D573600F531E8 /* Frameworks */,
			);
			sourceTree = "<group>";
		};
		A8E806462B026C8200131233 /* Products */ = {
			isa = PBXGroup;
			children = (
				A8E806452B026C8200131233 /* MipsParser */,
			);
			name = Products;
			sourceTree = "<group>";
		};
		A8E8064F2B026CC500131233 /* src */ = {
			isa = PBXGroup;
			children = (
				A8444BAD2C0D584F00F531E8 /* Buffer.cpp */,
				A8444BAA2C0D584F00F531E8 /* Buffer.hpp */,
				A8444BB52C0D585000F531E8 /* DebugMessenger.cpp */,
				A8444BB42C0D585000F531E8 /* DebugMessenger.hpp */,
				A8444BB02C0D584F00F531E8 /* Device.cpp */,
				A8444BBE2C0D585000F531E8 /* Device.hpp */,
				A8444BBB2C0D585000F531E8 /* DeviceExtensions.hpp */,
				A8444BC12C0D585000F531E8 /* Fence.cpp */,
				A8444BAC2C0D584F00F531E8 /* Fence.hpp */,
				A8444BAB2C0D584F00F531E8 /* IndexBuffer.cpp */,
				A8444BAE2C0D584F00F531E8 /* IndexBuffer.hpp */,
				A8444BC22C0D585000F531E8 /* Instance.cpp */,
				A8444BBA2C0D585000F531E8 /* Instance.hpp */,
				A8444BBD2C0D585000F531E8 /* PhysicalDevice.cpp */,
				A8444BA72C0D584F00F531E8 /* PhysicalDevice.hpp */,
				A8444BB12C0D584F00F531E8 /* PlatformDebug.hpp */,
				A8444BB32C0D585000F531E8 /* Queue.cpp */,
				A8444BB72C0D585000F531E8 /* Queue.hpp */,
				A8444BBC2C0D585000F531E8 /* QueueFamilyIndices.cpp */,
				A8444BAF2C0D584F00F531E8 /* QueueFamilyIndices.hpp */,
				A8444BC32C0D585000F531E8 /* Semaphore.cpp */,
				A8444BB62C0D585000F531E8 /* Semaphore.hpp */,
				A8444BA92C0D584F00F531E8 /* Surface.cpp */,
				A8444BB92C0D585000F531E8 /* Surface.hpp */,
				A8444BB22C0D584F00F531E8 /* SwapChain.cpp */,
				A8444BBF2C0D585000F531E8 /* SwapChain.hpp */,
				A8444BA82C0D584F00F531E8 /* SwapChainSupportDetails.cpp */,
				A8444BB82C0D585000F531E8 /* SwapChainSupportDetails.hpp */,
				A8444BC02C0D585000F531E8 /* ValidationLayers.hpp */,
				A8444B912C0D4EED00F531E8 /* Application.cpp */,
				A8444B8E2C0D4EED00F531E8 /* Application.hpp */,
				A8444B962C0D4EEE00F531E8 /* DMAController.cpp */,
				A8444B922C0D4EEE00F531E8 /* DMAController.hpp */,
				A8444B932C0D4EEE00F531E8 /* Gpu.cpp */,
				A8444B942C0D4EEE00F531E8 /* Gpu.hpp */,
				A8444B902C0D4EED00F531E8 /* IRQController.cpp */,
				A8444B972C0D4EEE00F531E8 /* IRQController.hpp */,
				A8444B8F2C0D4EED00F531E8 /* Vertex.cpp */,
				A8444B8D2C0D4EED00F531E8 /* Vertex.hpp */,
				A8464FC12B2A02D5007137EB /* Constants.hpp */,
				A8464FC02B2A02D5007137EB /* Instruction.cpp */,
				A8464FBF2B2A02D5007137EB /* Instruction.hpp */,
				A8E8065F2B027E0600131233 /* R3000A.cpp */,
				A8E806602B027E0600131233 /* R3000A.hpp */,
				A8E806502B026CC500131233 /* Memory.cpp */,
				A8E806522B026CC500131233 /* Memory.hpp */,
				A8E806532B026CC500131233 /* Types.hpp */,
				A8E806552B026CC500131233 /* Main.cpp */,
			);
			path = src;
			sourceTree = "<group>";
		};
/* End PBXGroup section */

/* Begin PBXNativeTarget section */
		A8E806442B026C8200131233 /* MipsParser */ = {
			isa = PBXNativeTarget;
			buildConfigurationList = A8E8064C2B026C8200131233 /* Build configuration list for PBXNativeTarget "MipsParser" */;
			buildPhases = (
				A8E806412B026C8200131233 /* Sources */,
				A8E806422B026C8200131233 /* Frameworks */,
				A8E806432B026C8200131233 /* CopyFiles */,
			);
			buildRules = (
			);
			dependencies = (
			);
			name = MipsParser;
			productName = MipsParser;
			productReference = A8E806452B026C8200131233 /* MipsParser */;
			productType = "com.apple.product-type.tool";
		};
/* End PBXNativeTarget section */

/* Begin PBXProject section */
		A8E8063D2B026C8200131233 /* Project object */ = {
			isa = PBXProject;
			attributes = {
				BuildIndependentTargetsInParallel = 1;
				LastUpgradeCheck = 1500;
				TargetAttributes = {
					A8E806442B026C8200131233 = {
						CreatedOnToolsVersion = 15.0.1;
					};
				};
			};
			buildConfigurationList = A8E806402B026C8200131233 /* Build configuration list for PBXProject "MipsParser" */;
			compatibilityVersion = "Xcode 14.0";
			developmentRegion = en;
			hasScannedForEncodings = 0;
			knownRegions = (
				en,
				Base,
			);
			mainGroup = A8E8063C2B026C8200131233;
			productRefGroup = A8E806462B026C8200131233 /* Products */;
			projectDirPath = "";
			projectRoot = "";
			targets = (
				A8E806442B026C8200131233 /* MipsParser */,
			);
		};
/* End PBXProject section */

/* Begin PBXSourcesBuildPhase section */
		A8E806412B026C8200131233 /* Sources */ = {
			isa = PBXSourcesBuildPhase;
			buildActionMask = 2147483647;
			files = (
				A8444BCF2C0D585100F531E8 /* Instance.cpp in Sources */,
				A8444BC92C0D585100F531E8 /* SwapChain.cpp in Sources */,
				A8444BCB2C0D585100F531E8 /* DebugMessenger.cpp in Sources */,
				A8E806582B026CC500131233 /* Main.cpp in Sources */,
				A8444B982C0D4EEE00F531E8 /* Vertex.cpp in Sources */,
				A8444BC62C0D585000F531E8 /* IndexBuffer.cpp in Sources */,
				A8444BCD2C0D585100F531E8 /* PhysicalDevice.cpp in Sources */,
				A8444B9C2C0D4EEE00F531E8 /* DMAController.cpp in Sources */,
				A8444B992C0D4EEE00F531E8 /* IRQController.cpp in Sources */,
				A8444BC82C0D585100F531E8 /* Device.cpp in Sources */,
				A8444BC52C0D585000F531E8 /* Surface.cpp in Sources */,
				A8E806562B026CC500131233 /* Memory.cpp in Sources */,
				A8444BD02C0D585100F531E8 /* Semaphore.cpp in Sources */,
				A8444B9B2C0D4EEE00F531E8 /* Gpu.cpp in Sources */,
				A8E806612B027E0600131233 /* R3000A.cpp in Sources */,
				A8444BC42C0D585000F531E8 /* SwapChainSupportDetails.cpp in Sources */,
				A8444BC72C0D585000F531E8 /* Buffer.cpp in Sources */,
				A8464FC22B2A02D6007137EB /* Instruction.cpp in Sources */,
				A8444BCC2C0D585100F531E8 /* QueueFamilyIndices.cpp in Sources */,
				A8444B9A2C0D4EEE00F531E8 /* Application.cpp in Sources */,
				A8444BCA2C0D585100F531E8 /* Queue.cpp in Sources */,
				A8444BCE2C0D585100F531E8 /* Fence.cpp in Sources */,
			);
			runOnlyForDeploymentPostprocessing = 0;
		};
/* End PBXSourcesBuildPhase section */

/* Begin XCBuildConfiguration section */
		A8E8064A2B026C8200131233 /* Debug */ = {
			isa = XCBuildConfiguration;
			buildSettings = {
				ALWAYS_SEARCH_USER_PATHS = NO;
				ASSETCATALOG_COMPILER_GENERATE_SWIFT_ASSET_SYMBOL_EXTENSIONS = YES;
				CLANG_ANALYZER_NONNULL = YES;
				CLANG_ANALYZER_NUMBER_OBJECT_CONVERSION = YES_AGGRESSIVE;
				CLANG_CXX_LANGUAGE_STANDARD = "gnu++20";
				CLANG_ENABLE_MODULES = YES;
				CLANG_ENABLE_OBJC_ARC = YES;
				CLANG_ENABLE_OBJC_WEAK = YES;
				CLANG_WARN_BLOCK_CAPTURE_AUTORELEASING = YES;
				CLANG_WARN_BOOL_CONVERSION = YES;
				CLANG_WARN_COMMA = YES;
				CLANG_WARN_CONSTANT_CONVERSION = YES;
				CLANG_WARN_DEPRECATED_OBJC_IMPLEMENTATIONS = YES;
				CLANG_WARN_DIRECT_OBJC_ISA_USAGE = YES_ERROR;
				CLANG_WARN_DOCUMENTATION_COMMENTS = YES;
				CLANG_WARN_EMPTY_BODY = YES;
				CLANG_WARN_ENUM_CONVERSION = YES;
				CLANG_WARN_INFINITE_RECURSION = YES;
				CLANG_WARN_INT_CONVERSION = YES;
				CLANG_WARN_NON_LITERAL_NULL_CONVERSION = YES;
				CLANG_WARN_OBJC_IMPLICIT_RETAIN_SELF = YES;
				CLANG_WARN_OBJC_LITERAL_CONVERSION = YES;
				CLANG_WARN_OBJC_ROOT_CLASS = YES_ERROR;
				CLANG_WARN_QUOTED_INCLUDE_IN_FRAMEWORK_HEADER = YES;
				CLANG_WARN_RANGE_LOOP_ANALYSIS = YES;
				CLANG_WARN_STRICT_PROTOTYPES = YES;
				CLANG_WARN_SUSPICIOUS_MOVE = YES;
				CLANG_WARN_UNGUARDED_AVAILABILITY = YES_AGGRESSIVE;
				CLANG_WARN_UNREACHABLE_CODE = YES;
				CLANG_WARN__DUPLICATE_METHOD_MATCH = YES;
				COPY_PHASE_STRIP = NO;
				DEAD_CODE_STRIPPING = YES;
				DEBUG_INFORMATION_FORMAT = dwarf;
				ENABLE_STRICT_OBJC_MSGSEND = YES;
				ENABLE_TESTABILITY = YES;
				ENABLE_USER_SCRIPT_SANDBOXING = YES;
				GCC_C_LANGUAGE_STANDARD = gnu17;
				GCC_DYNAMIC_NO_PIC = NO;
				GCC_NO_COMMON_BLOCKS = YES;
				GCC_OPTIMIZATION_LEVEL = 0;
				GCC_PREPROCESSOR_DEFINITIONS = (
					"DEBUG=1",
					"$(inherited)",
				);
				GCC_WARN_64_TO_32_BIT_CONVERSION = YES;
				GCC_WARN_ABOUT_RETURN_TYPE = YES_ERROR;
				GCC_WARN_UNDECLARED_SELECTOR = YES;
				GCC_WARN_UNINITIALIZED_AUTOS = YES_AGGRESSIVE;
				GCC_WARN_UNUSED_FUNCTION = YES;
				GCC_WARN_UNUSED_VARIABLE = YES;
				HEADER_SEARCH_PATHS = (
					/usr/local/include,
					/Users/jade.marker/VulkanSDK/1.3.250.1/macOS/include,
				);
				LIBRARY_SEARCH_PATHS = (
					/Users/jade.marker/VulkanSDK/1.3.250.1/macOS/lib,
					/usr/local/lib,
				);
				LOCALIZATION_PREFERS_STRING_CATALOGS = YES;
				MACOSX_DEPLOYMENT_TARGET = 13.6;
				MTL_ENABLE_DEBUG_INFO = INCLUDE_SOURCE;
				MTL_FAST_MATH = YES;
				ONLY_ACTIVE_ARCH = YES;
				SDKROOT = macosx;
			};
			name = Debug;
		};
		A8E8064B2B026C8200131233 /* Release */ = {
			isa = XCBuildConfiguration;
			buildSettings = {
				ALWAYS_SEARCH_USER_PATHS = NO;
				ASSETCATALOG_COMPILER_GENERATE_SWIFT_ASSET_SYMBOL_EXTENSIONS = YES;
				CLANG_ANALYZER_NONNULL = YES;
				CLANG_ANALYZER_NUMBER_OBJECT_CONVERSION = YES_AGGRESSIVE;
				CLANG_CXX_LANGUAGE_STANDARD = "gnu++20";
				CLANG_ENABLE_MODULES = YES;
				CLANG_ENABLE_OBJC_ARC = YES;
				CLANG_ENABLE_OBJC_WEAK = YES;
				CLANG_WARN_BLOCK_CAPTURE_AUTORELEASING = YES;
				CLANG_WARN_BOOL_CONVERSION = YES;
				CLANG_WARN_COMMA = YES;
				CLANG_WARN_CONSTANT_CONVERSION = YES;
				CLANG_WARN_DEPRECATED_OBJC_IMPLEMENTATIONS = YES;
				CLANG_WARN_DIRECT_OBJC_ISA_USAGE = YES_ERROR;
				CLANG_WARN_DOCUMENTATION_COMMENTS = YES;
				CLANG_WARN_EMPTY_BODY = YES;
				CLANG_WARN_ENUM_CONVERSION = YES;
				CLANG_WARN_INFINITE_RECURSION = YES;
				CLANG_WARN_INT_CONVERSION = YES;
				CLANG_WARN_NON_LITERAL_NULL_CONVERSION = YES;
				CLANG_WARN_OBJC_IMPLICIT_RETAIN_SELF = YES;
				CLANG_WARN_OBJC_LITERAL_CONVERSION = YES;
				CLANG_WARN_OBJC_ROOT_CLASS = YES_ERROR;
				CLANG_WARN_QUOTED_INCLUDE_IN_FRAMEWORK_HEADER = YES;
				CLANG_WARN_RANGE_LOOP_ANALYSIS = YES;
				CLANG_WARN_STRICT_PROTOTYPES = YES;
				CLANG_WARN_SUSPICIOUS_MOVE = YES;
				CLANG_WARN_UNGUARDED_AVAILABILITY = YES_AGGRESSIVE;
				CLANG_WARN_UNREACHABLE_CODE = YES;
				CLANG_WARN__DUPLICATE_METHOD_MATCH = YES;
				COPY_PHASE_STRIP = NO;
				DEAD_CODE_STRIPPING = YES;
				DEBUG_INFORMATION_FORMAT = "dwarf-with-dsym";
				ENABLE_NS_ASSERTIONS = NO;
				ENABLE_STRICT_OBJC_MSGSEND = YES;
				ENABLE_USER_SCRIPT_SANDBOXING = YES;
				GCC_C_LANGUAGE_STANDARD = gnu17;
				GCC_NO_COMMON_BLOCKS = YES;
				GCC_WARN_64_TO_32_BIT_CONVERSION = YES;
				GCC_WARN_ABOUT_RETURN_TYPE = YES_ERROR;
				GCC_WARN_UNDECLARED_SELECTOR = YES;
				GCC_WARN_UNINITIALIZED_AUTOS = YES_AGGRESSIVE;
				GCC_WARN_UNUSED_FUNCTION = YES;
				GCC_WARN_UNUSED_VARIABLE = YES;
				HEADER_SEARCH_PATHS = (
					/usr/local/include,
					/Users/jade.marker/VulkanSDK/1.3.250.1/macOS/include,
				);
				LIBRARY_SEARCH_PATHS = (
					/Users/jade.marker/VulkanSDK/1.3.250.1/macOS/lib,
					/usr/local/lib,
				);
				LOCALIZATION_PREFERS_STRING_CATALOGS = YES;
				MACOSX_DEPLOYMENT_TARGET = 13.6;
				MTL_ENABLE_DEBUG_INFO = NO;
				MTL_FAST_MATH = YES;
				SDKROOT = macosx;
			};
			name = Release;
		};
		A8E8064D2B026C8200131233 /* Debug */ = {
			isa = XCBuildConfiguration;
			buildSettings = {
				CODE_SIGN_STYLE = Automatic;
				DEAD_CODE_STRIPPING = YES;
				PRODUCT_NAME = "$(TARGET_NAME)";
			};
			name = Debug;
		};
		A8E8064E2B026C8200131233 /* Release */ = {
			isa = XCBuildConfiguration;
			buildSettings = {
				CODE_SIGN_STYLE = Automatic;
				DEAD_CODE_STRIPPING = YES;
				PRODUCT_NAME = "$(TARGET_NAME)";
			};
			name = Release;
		};
/* End XCBuildConfiguration section */

/* Begin XCConfigurationList section */
		A8E806402B026C8200131233 /* Build configuration list for PBXProject "MipsParser" */ = {
			isa = XCConfigurationList;
			buildConfigurations = (
				A8E8064A2B026C8200131233 /* Debug */,
				A8E8064B2B026C8200131233 /* Release */,
			);
			defaultConfigurationIsVisible = 0;
			defaultConfigurationName = Release;
		};
		A8E8064C2B026C8200131233 /* Build configuration list for PBXNativeTarget "MipsParser" */ = {
			isa = XCConfigurationList;
			buildConfigurations = (
				A8E8064D2B026C8200131233 /* Debug */,
				A8E8064E2B026C8200131233 /* Release */,
			);
			defaultConfigurationIsVisible = 0;
			defaultConfigurationName = Release;
		};
/* End XCConfigurationList section */
	};
	rootObject = A8E8063D2B026C8200131233 /* Project object */;
}
